
Microsoft Visual Studio Solution File, Format Version 10.00
# Visual Studio 2008
Project("{8BC9CEB8-8B4A-11D0-8D11-00A0C91BC942}") = "ParametricEQ", "ParametricEQ\ParametricEQ.vcproj", "{5A50846B-D9D1-4BB2-8DB5-9D8629AD2DE0}"
EndProject
Global
	GlobalSection(SolutionConfigurationPlatforms) = preSolution
		Debug|Win32 = Debug|Win32
		Release|Win32 = Release|Win32
	EndGlobalSection
	GlobalSection(ProjectConfigurationPlatforms) = postSolution
		{5A50846B-D9D1-4BB2-8DB5-9D8629AD2DE0}.Debug|Win32.ActiveCfg = Debug|Win32
		{5A50846B-D9D1-4BB2-8DB5-9D8629AD2DE0}.Debug|Win32.Build.0 = Debug|Win32
		{5A50846B-D9D1-4BB2-8DB5-9D8629AD2DE0}.Release|Win32.ActiveCfg = Release|Win32
		{5A50846B-D9D1-4BB2-8DB5-9D8629AD2DE0}.Release|Win32.Build.0 = Release|Win32
	EndGlobalSection
	GlobalSection(SolutionProperties) = preSolution
		HideSolutionNode = FALSE
	EndGlobalSection
EndGlobal
